YªçŠx-®éÜj×¢ëiºÚ+Š§j[h‘éÜ¢éí×®vÙ:-jZ.¶›­–)Þ³W°¢&æÖR#¢&’×7GVG–ÖFRÖg&öçFVæB"À¢'fW'6–öâ#¢#ãã"À¢&Æö6¶f–ÆUfW'6–öâ#¢2À¢'&WV—&W2#¢G'VRÀ¢'6¶vW2#¢°¢"#¢°¢&æÖR#¢&’×7GVG–ÖFRÖg&öçFVæB"À¢'fW'6–öâ#¢#ãã"À¢&FWVæFVæ6–W2#¢°¢$f—FV§2÷ÇVv–â×&V7B#¢#bãã""À¢&ÇV6–FR×&V7B#¢#ãCc‚ã"À¢'&V7B#¢#’ã2ã"À¢'&V7BÖFöÒ#¢#’ã2ã"À¢'f—FR#¢#‚ã2ã2 ¢ÒÀ¢&FWdFWVæFVæ6–W2#¢°¢$F–Çv–æF772÷÷7F772#¢#Bã2ã2"À¢'÷7F772#¢#‚ãRã#’"À¢'F–Çv–æF772#¢#Bã2ã2 ¢Ð¢ÒÀ¢&æöFUöÖöGVÆW2ôÆÆö2÷V–6²ÖÇ'R#¢°¢'fW'6–öâ#¢#Rã2ã"À¢'&W6öÇfVB#¢&‡GG3¢ò÷&Vv—7G'’æçÖ§2æ÷&rôÆÆö2÷V–6²ÖÇ'RòÒ÷V–6²ÖÇ'RÓRã2ãçFw¢"À¢&–çFVw&—G’#¢'6†S"ÕSB³s3U¥3–÷6ä4$4ST¦†ö6”„Òµ—´4äÔä2ót‡e–$å&³ÆFB¶cwócUsWf‡RõD7b²ö÷¦Æ¦Å…†S”æ£ƒC”DÔÓÒ"À¢&FWb#¢G'VRÀ¢&Æ–6Vç6R#¢$Ô•B"À¢&Væv–æW2#¢°¢&æöFR#¢#ãÓ ¢ÒÀ¢&gVæF–ær#¢°¢'W&Â#¢&‡GG3¢òöv—F‡V"æ6öÒ÷7öç6÷'2÷6–æG&W6÷&‡W2 ¢Ð¢ÒÀ¢&æöFUöÖöGVÆW2ô§&–FvWvVÆÂövVâÖÖ–ær#¢°¢'fW'6–öâ#¢#ã2ã2"À¢'&W6öÇfVB#¢&‡GG3¢ò÷&Vv—7G'’æçÖ§2æ÷&rô§&–FvWvVÆÂövVâÖÖ–æròÒövVâÖÖ–ærÓã2ã2çFw¢"À¢&–çFVw&—G’#¢'6†S"Ó&¶·Bóvæ”£dÖtU„c%–EfWE¦¶edF4Ä¶6¶‡“”•÷¦ô¶¤$&¥6£c2öÅf¥”S7…'CVGdÒ·UW–d6seT´4&$ÓÒ"À¢&FWb#¢G'VRÀ¢&Æ–6Vç6R#¢$Ô•B"À¢&FWVæFVæ6–W2#¢°¢$§&–FvWvVÆÂ÷6÷W&6VÖÖ6öFV2#¢%ããRã"À¢$§&–FvWvVÆÂ÷G&6RÖÖ–ær#¢%ãã2ã#B ¢Ð¢ÒÀ¢&æöFUöÖöGVÆW2ô§&–FvWvVÆÂ÷&VÖ–ær#¢°¢'fW'6–öâ#¢#"ã2ãR"À¢'&W6öÇfVB#¢&‡GG3¢ò÷&Vv—7G'’æçÖ§2æ÷&rô§&–FvWvVÆÂ÷&VÖ–æròÒ÷&VÖ–ærÓ"ã2ãRçFw¢"À¢&–çFVw&—G’#¢'6†S"ÔÄ“—Rò¶Æ”sDG3DDµ4¥s%•$–Æ5e”÷v“&eT3g„#C6ÇVT6¦w…cFÆfdô5¤7E”f”ƒeDäõ‚·Eµ‡ƒ“uCD”´†&‡”„UÓÒ"À¢&FWb#¢G'VRÀ¢&Æ–6Vç6R#¢$Ô•B"À¢&FWVæFVæ6–W2#¢°¢$§&–FvWvVÆÂövVâÖÖ–ær#¢%ãã2ãR"À¢$§&–FvWvVÆÂ÷G&6RÖÖ–ær#¢%ãã2ã#B ¢Ð¢ÒÀ¢&æöFUöÖöGVÆW2ô§&–FvWvVÆÂ÷&W6öÇfR×W&’#¢°¢'fW'6–öâ#¢#2ãã""À¢'&W6öÇfVB#¢&‡GG3¢ò÷&Vv—7G'’æçÖ§2æ÷&rô§&–FvWvVÆÂ÷&W6öÇfR×W&’òÒ÷&W6öÇfR×W&’Ó2ãã"çFw¢"À¢&–çFVw&—G’#¢'6†S"Ö%$•6t4–¥#÷F%u5tÔV“SEe%¤W†·TC–Ä¤ÂµT—…T·Gud¤‡usG&#¤×3$e†ó4%Då¢óV‡3•fÔµvF÷·sÓÒ"À¢&FWb#¢G'VRÀ¢&Æ–6Vç6R#¢$Ô•B"À¢&Væv–æW2#¢°¢&æöFR#¢#ãÓbãã ¢Ð¢ÒÀ¢&æöFUöÖöGVÆW2ô§&–FvWvVÆÂ÷6÷W&6VÖÖ6öFV2#¢°¢'fW'6–öâ#¢#ãbã"À¢'&W6öÇfVB#¢&‡GG3¢ò÷&Vv—7G'’æçÖ§2æ÷&rô§&–FvWvVÆÂ÷6÷W&6VÖÖ6öFV2òÒ÷6÷W&6VÖÖ6öFV2ÓãbãçFw¢"À¢&–çFVw&—G’#¢'6†S"ÕCv¦b³W¦w5¤‡tä£FÇeröW¦'–³äå‚·¤¥ewÔ„ue—4Wƒvw#U&sT–'D¤g¶w¦SU“'7'W%U“…ƒ3töCv”gsÓÒ"À¢&FWb#¢G'VRÀ¢&Æ–6Vç6R#¢$Ô•B ¢ÒÀ¢&æöFUöÖöGVÆW2ô§&–FvWvVÆÂ÷G&6RÖÖ–ær#¢°¢'fW'6–öâ#¢#ã2ã3"À¢'&W6öÇfVB#¢&‡GG3¢ò÷&Vv—7G'’æçÖ§2æ÷&rô§&–FvWvVÆÂ÷G&6RÖÖ–æròÒ÷G&6RÖÖ–ærÓã2ã3çFw¢"À¢&–çFVw&—G’#¢'6†S"×§¤å"µ6E4D§¦3†¦öU…ô5#„çU—ƒ&D”——FÃT$U¤„£—Usf†V'7%–v'£†„§uUó5Et4×FÖec„çSGtôÄsÓÒ"À¢&FWb#¢G'VRÀ¢&Æ–6Vç6R#¢$Ô•B"À¢&FWVæFVæ6–W2#¢°¢$§&–FvWvVÆÂ÷&W6öÇfR×W&’#¢%ã2ãã"À¢$§&–FvWvVÆÂ÷6÷W&6VÖÖ6öFV2#¢%ããBãB ¢Ð¢ÒÀ¢&æöFUöÖöGVÆW2ô÷†2×&ö¦V7B÷G—W2#¢°¢'fW'6–öâ#¢#ãS2ã"À¢'&W6öÇfVB#¢&‡GG3¢ò÷&Vv—7G'’æçÖ§2æ÷&rô÷†2×&ö¦V7B÷G—W2òÒ÷G—W2ÓãS2ãçFw¢"À¢&–çFVw&—G’#¢'6†S"Ö¥4ç%$——edÄÃTS¢÷E3W¤Ä&÷4w¢ôgT“wtT÷£S–£4SEEEG¥7¶"õ$Dw¦†…s…”•4u‡‡Sƒ'twƒeCGsÓÒ"À¢&Æ–6Vç6R#¢$Ô•B"À¢&gVæF–ær#¢°¢'W&Â#¢&‡GG3¢òöv—F‡V"æ6öÒ÷7öç6÷'2ö÷†2×&ö¦V7B ¢Ð¢ÒÀ¢&æöFUöÖöGVÆW2ô&öÆÆF÷vâö&–æF–ærÖæG&ö–BÖ&ÒÖV&’#¢°¢'fW'6–öâ#¢#ã"ã2"À¢'&W6öÇfVB#¢&‡GG3¢ò÷&Vv—7G'’æçÖ§2æ÷&rô&öÆÆF÷vâö&–æF–ærÖæG&ö–BÖ&ÒÖV&’òÒö&–æF–ærÖæG&ö–BÖ&ÒÖV&’Óã"ã2çFw¢"À¢&–çFVw&—G’#¢'6†S"ÕgRôä”7&vE'eTöV¥¤—”#$ec73fdòóGVCVÃ†E†×„Gƒ—”G–â¶Ôã’¶w7g5gf•6Æ’µC3cóƒCdWTÖöö''vtÓÒ"À¢&7R#¢°¢&&Ò ¢ÒÀ¢&Æ–6Vç6R#¢$Ô•B"À¢&÷F–öæÂ#¢G'VRÀ¢&÷2#¢°¢&æG&ö–B ¢ÒÀ¢&Væv–æW2#¢°¢&æöFR#¢%ã#ã’ãÇÂãÓ#"ã"ã ¢Ð¢ÒÀ¢&æöFUöÖöGVÆW2ô&öÆÆF÷vâö&–æF–ærÖæG&ö–BÖ&ÓcB#¢°¢'fW'6–öâ#¢#ã"ã2"À¢'&W6öÇfVB#¢&‡GG3¢ò÷&Vv—7G'’æçÖ§2æ÷&rô&öÆÆF÷vâö&–æF–ærÖæG&ö–BÖ&ÓcBòÒö&–æF–ærÖæG&ö–BÖ&ÓcBÓã"ã2çFw¢"À¢&–çFVw&—G’#¢'6†S"ÓdÄVô—$w“Wgd6C&&ôæçc'6õ5U¦¢õ'f‡…"÷C”¶Å‚¶Ô•§…F„”Rõ§‡$u‡†×TåƒgWegdÆE§#u3D‡%—”%f„UÓÒ"À¢&7R#¢°¢&&ÓcB ¢ÒÀ¢&Æ–6Vç6R#¢$Ô•B"À¢&÷F–öæÂ#¢G'VRÀ¢&÷2#¢°¢&æG&ö–B ¢ÒÀ¢&Væv–æW2#¢°¢&æöFR#¢%ã#ã’ãÇÂãÓ#"ã"ã ¢Ð¢ÒÀ¢&æöFUöÖöGVÆW2ô&öÆÆF÷vâö&–æF–ærÖF'v–âÖ&ÓcB#¢°¢'fW'6–öâ#¢#ã"ã2"À¢'&W6öÇfVB#¢&‡GG3¢ò÷&Vv—7G'’æçÖ§2æ÷&rô&öÆÆF÷vâö&–æF–ærÖF'v–âÖ&ÓcBòÒö&–æF–ærÖF'v–âÖ&ÓcBÓã"ã2çFw¢"À¢&–çFVw&—G’#¢'6†S"Ô6¥5'¦Åe·¦´DÕd”öµg„&¥fõ$4DTS7ce4£–´•&u&¤d56“F–¦†$åeV¦“u¤§BµdóSCg“Få–ä…UÓÒ"À¢&7R#¢°¢&&ÓcB ¢ÒÀ¢&Æ–6Vç6R#¢$Ô•B"À¢&÷F–öæÂ#¢G'VRÀ¢&÷2#¢°¢&F'v–â ¢ÒÀ¢&Væv–æW2#¢°¢&æöFR#¢%ã#ã’ãÇÂãÓ#"ã"ã ¢Ð¢ÒÀ¢&æöFUöÖöGVÆW2ô&öÆÆF÷vâö&–æF–ærÖF'v–â×ƒcB#¢°¢'fW'6–öâ#¢#ã"ã2"À¢'&W6öÇfVB#¢&‡GG3¢ò÷&Vv—7G'’æçÖ§2æ÷&rô&öÆÆF÷vâö&–æF–ærÖF'v–â×ƒcBòÒö&–æF–ærÖF'v–â×ƒcBÓã"ã2çFw¢"À¢&–çFVw&—G’#¢'6†S"ÖSG#3C“V‡…7¤¦´C5”¤'†w§÷$£7ww‡vDÄÆ#$eC§–VÓ#ç%CDDTV¶§w†‡VÔƒ‡wvÇ7ô÷¦v¢÷uCf×sÓÒ"À¢&7R#¢°¢'ƒcB ¢ÒÀ¢&Æ–6Vç6R#¢$Ô•B"À¢&÷F–öæÂ#¢G'VRÀ¢&÷2#¢°¢&F'v–â ¢ÒÀ¢&Væv–æW2#¢°¢&æöFR#¢%ã#ã’ãÇÂãÓ#"ã"ã ¢Ð¢ÒÀ¢&æöFUöÖöGVÆW2ô&öÆÆF÷vâö&–æF–ærÖg&VV'6B×ƒcB#¢°¢'fW'6–öâ#¢#ã"ã2"À¢'&W6öÇfVB#¢&‡GG3¢ò÷&Vv—7G'’æçÖ§2æ÷&rô&öÆÆF÷vâö&–æF–ærÖg&VV'6B×ƒcBòÒö&–æF–ærÖg&VV'6B×ƒcBÓã"ã2çFw¢"À¢&–çFVw&—G’#¢'6†S"Ö†ô%tE£Bô²öÔ¤µdÖ'6uVC¦g$F”÷$£SF×Vtö%S•D$„$''EƒDdÄ•„¤¥$E¢ó$Fã“weö"µ£&‡t´§¦cDSU5ÓÒ"À¢&7R#¢°¢'ƒcB ¢ÒÀ¢&Æ–6Vç6R#¢$Ô•B"À¢&÷F–öæÂ#¢G'VRÀ¢&÷2#¢°¢&g&VV'6B ¢ÒÀ¢&Væv–æW2#¢°¢&æöFR#¢%ã#ã’ãÇÂãÓ#"ã"ã ¢Ð¢ÒÀ¢&æöFUöÖöGVÆW2ô&öÆÆF÷vâö&–æF–ærÖÆ–çW‚Ö&ÒÖvçVV&–†b#¢°¢'fW'6–öâ#¢#ã"ã2"À¢'&W6öÇfVB#¢&‡GG3¢ò÷&Vv—7G'’æçÖ§2æ÷&rô&öÆÆF÷vâö&–æF–ærÖÆ–çW‚Ö&ÒÖvçVV&–†bòÒö&–æF–ærÖÆ–çW‚Ö&ÒÖvçVV&–†bÓã"ã2çFw¢"À¢&–çFVw&—G’#¢'6†S"Öôc–e§S7eEvåF•d´Dg…S•¤ÇCæƒ#³•%'T‡5#u¦äS$Ãu†öö´&$D%dÆö¤5e4Äv'gE6Ç†UTææ¤£dF$ç4·—¦&sÓÒ"À¢&7R#¢°¢&&Ò ¢ÒÀ¢&Æ–6Vç6R#¢$Ô•B"À¢&÷F–öæÂ#¢G'VRÀ¢&÷2#¢°¢&Æ–çW‚ ¢ÒÀ¢&Væv–æW2#¢°¢&æöFR#¢%ã#ã’ãÇÂãÓ#"ã"ã ¢Ð¢ÒÀ¢&æöFUöÖöGVÆW2ô&öÆÆF÷vâö&–æF–ærÖÆ–çW‚Ö&ÓcBÖvçR#¢°¢'fW'6–öâ#¢#ã"ã2"À¢'&W6öÇfVB#¢&‡GG3¢ò÷&Vv—7G'’æçÖ§2æ÷&rô&öÆÆF÷vâö&–æF–ærÖÆ–çW‚Ö&ÓcBÖvçRòÒö&–æF–ærÖÆ–çW‚Ö&ÓcBÖvçRÓã"ã2çFw¢"À¢&–çFVw&—G’#¢'6†S"ÔEG"ò¶¤Ö—tÕw†ãF·5s¥rµ„Ä£fD¤£”d×fä–³”“#“Æ„67DÕ„Õ”§%WC—d3—4µ†DFETU¤„&ƒ6´ç…ÓÒ"À¢&7R#¢°¢&&ÓcB ¢ÒÀ¢&Æ–6Vç6R#¢$Ô•B"À¢&÷F–öæÂ#¢G'VRÀ¢&÷2#¢°¢&Æ–çW‚ ¢ÒÀ¢&Væv–æW2#¢°¢&æöFR#¢%ã#ã’ãÇÂãÓ#"ã"ã ¢Ð¢ÒÀ¢&æöFUöÖöGVÆW2ô&öÆÆF÷vâö&–æF–ærÖÆ–çW‚Ö&ÓcBÖ×W6Â#¢°¢'fW'6–öâ#¢#ã"ã2"À¢'&W6öÇfVB#¢&‡GG3¢ò÷&Vv—7G'’æçÖ§2æ÷&rô&öÆÆF÷vâö&–æF–ærÖÆ–çW‚Ö&ÓcBÖ×W6ÂòÒö&–æF–ærÖÆ–çW‚Ö&ÓcBÖ×W6ÂÓã"ã2çFw¢"À¢&–çFVw&—G’#¢'6†S"×…R´·gc”ã$55“3W¤fƒeutæ§†&DRô$¶Wæµ†Swe65SDu§7ssSt&ÅfÔDÄ•E¤W„E³fÓwVôE–´³u·‚÷UST÷sÓÒ"À¢&7R#¢°¢&&ÓcB ¢ÒÀ¢&Æ–6Vç6R#¢$Ô•B"À¢&÷F–öæÂ#¢G'VRÀ¢&÷2#¢°¢&Æ–çW‚ ¢ÒÀ¢&Væv–æW2#¢°¢&æöFR#¢%ã#ã’ãÇÂãÓ#"ã"ã ¢Ð¢ÒÀ¢&æöFUöÖöGVÆW2ô&öÆÆF÷vâö&–æF–ærÖÆ–çW‚×3cBÖvçR#¢°¢'fW'6–öâ#¢#ã"ã2"À¢'&W6öÇfVB#¢&‡GG3¢ò÷&Vv—7G'’æçÖ§2æ÷&rô&öÆÆF÷vâö&–æF–ærÖÆ–çW‚×3cBÖvçRòÒö&–æF–ærÖÆ–çW‚×3cBÖvçRÓã"ã2çFw¢"À¢&–çFVw&—G’#¢'6†S"Õ„Ö²ö†æ†ƒ#VõsSdÆ6Æ#ƒFÆÃ„3W6WsEg§¶ÔS%34t¦vTÓ6öç$–u“†d††¦&#f†6õGWvôdsee&–sÓÒ"À¢&7R#¢°¢'3cB ¢ÒÀ¢&Æ–6Vç6R#¢$Ô•B"À¢&÷F–öæÂ#¢G'VRÀ¢&÷2#¢°¢&Æ–çW‚ ¢ÒÀ¢&Væv–æW2#¢°¢&æöFR#¢%ã#ã’ãÇÂãÓ#"ã"ã ¢Ð¢ÒÀ¢&æöFUöÖöGVÆW2ô&öÆÆF÷vâö&–æF–ærÖÆ–çW‚×33“‚ÖvçR#¢°¢'fW'6–öâ#¢#ã"ã2"À¢'&W6öÇfVB#¢&‡GG3¢ò÷&Vv—7G'’æçÖ§2æ÷&rô&öÆÆF÷vâö&–æF–ærÖÆ–çW‚×33“‚ÖvçRòÒö&–æF–ærÖÆ–çW‚×33“‚ÖvçRÓã"ã2çFw¢"À¢&–çFVw&—G’#¢'6†S"ÕS&õD…–ÖÇ—tS&ã4…Uv§¥¢³„U4·"´÷w…—TEvV'ƒC'ETÃ…4Ãvä÷'¢ôåd†æ–&$e4Ó'‡W'¢÷tæ6$Ô¶§sÓÒ"À¢&7R#¢°¢'33“‚ ¢ÒÀ¢&Æ–6Vç6R#¢$Ô•B"À¢&÷F–öæÂ#¢G'VRÀ¢&÷2#¢°¢&Æ–çW‚ ¢ÒÀ¢&Væv–æW2#¢°¢&æöFR#¢%ã#ã’ãÇÂãÓ#"ã"ã ¢Ð¢ÒÀ¢&æöFUöÖöGVÆW2ô&öÆÆF÷vâö&–æF–ærÖÆ–çW‚×ƒcBÖvçR#¢°¢'fW'6–öâ#¢#ã"ã2"À¢'&W6öÇfVB#¢&‡GG3¢ò÷&Vv—7G'’æçÖ§2æ÷&rô&öÆÆF÷vâö&–æF–ærÖÆ–çW‚×ƒcBÖvçRòÒö&–æF–ærÖÆ–çW‚×ƒcBÖvçRÓã"ã2çFw¢"À¢&–çFVw&—G’#¢'6†S"Ô£F6Óƒ3gtWucT£C&óc'4•tF²µ“u#'3cCf¤—wWdò³EcCe#S„ãGegTÕt4&æwW'5„ÇÕUt¥bòõuµd„%ÓÒ"À¢&7R#¢°¢'ƒcB ¢ÒÀ¢&Æ–6Vç6R#¢$Ô•B"À¢&÷F–öæÂ#¢G'VRÀ¢&÷2#¢°¢&Æ–çW‚ ¢ÒÀ¢&Væv–æW2#¢°¢&æöFR#¢%ã#ã’ãÇÂãÓ#"ã"ã ¢Ð¢ÒÀ¢&æöFUöÖöGVÆW2ô&öÆÆF÷vâö&–æF–ærÖÆ–çW‚×ƒcBÖ×W6Â#¢°¢'fW'6–öâ#¢#ã"ã2"À¢'&W6öÇfVB#¢&‡GG3¢ò÷&Vv—7G'’æçÖ§2æ÷&rô&öÆÆF÷vâö&–æF–ærÖÆ–çW‚×ƒcBÖ×W6ÂòÒö&–æF–ærÖÆ–çW‚×ƒcBÖ×W6ÂÓã"ã2çFw¢"À¢&–çFVw&—G’#¢'6†S"ÕsWU¥3CSEcd¦¶ÔVåd4•ƒ–Ö74Ãf6%…Eƒ†3'r´ÔÔô–¤fsc…E…Ur·S5%B³&SCc–ÖrôU7GD³5õ†Eu'‡—sÓÒ"À¢&7R#¢°¢'ƒcB ¢ÒÀ¢&Æ–6Vç6R#¢$Ô•B"À¢&÷F–öæÂ#¢G'VRÀ¢&÷2#¢°¢&Æ–çW‚ ¢ÒÀ¢&Væv–æW2#¢°¢&æöFR#¢%ã#ã’ãÇÂãÓ#"ã"ã ¢Ð¢ÒÀ¢&æöFUöÖöGVÆW2ô&öÆÆF÷vâö&–æF–ærÖ÷Væ†&Ööç’Ö&ÓcB#¢°¢'fW'6–öâ#¢#ã"ã2"À¢'&W6öÇfVB#¢&‡GG3¢ò÷&Vv—7G'’æçÖ§2æ÷&rô&öÆÆF÷vâö&–æF–ærÖ÷Væ†&Ööç’Ö&ÓcBòÒö&–æF–ærÖ÷Væ†&Ööç’Ö&ÓcBÓã"ã2çFw¢"À¢&–çFVw&—G’#¢'6†S"ÖFòôbóFã”Õ'6†–6V†÷“‡„Ó&3fÖveCdCt‚öE“f×“W¢¶†d4•#F#vÖ³D•&¢²¶ç4U·“3–¶CEäG·#c“'GsÓÒ"À¢&7R#¢°¢&&ÓcB ¢ÒÀ¢&Æ–6Vç6R#¢$Ô•B"À¢&÷F–öæÂ#¢G'VRÀ¢&÷2#¢°¢&÷Væ†&Ööç’ ¢ÒÀ¢&Væv–æW2#¢°¢&æöFR#¢%ã#ã’ãÇÂãÓ#"ã"ã ¢Ð¢ÒÀ¢&æöFUöÖöGVÆW2ô&öÆÆF÷vâö&–æF–ær×v–ã3"Ö&ÓcBÖ×7f2#¢°¢'fW'6–öâ#¢#ã"ã2"À¢'&W6öÇfVB#¢&‡GG3¢ò÷&Vv—7G'’æçÖ§2æ÷&rô&öÆÆF÷vâö&–æF–ær×v–ã3"Ö&ÓcBÖ×7f2òÒö&–æF–ær×v–ã3"Ö&ÓcBÖ×7f2Óã"ã2çFw¢"À¢&–çFVw&—G’#¢'6†S"ÓdgEVc&4¥¦ö'WD¦G†äu•ƒ‡£gF&wS#'c‡fd&†µ†#—w$×ÔgF·VäR´–öçG–“&´•õs$t„'Fg§43%%ÓÒ"À¢&7R#¢°¢&&ÓcB ¢ÒÀ¢&Æ–6Vç6R#¢$Ô•B"À¢&÷F–öæÂ#¢G'VRÀ¢&÷2#¢°¢'v–ã3" ¢ÒÀ¢&Væv–æW2#¢°¢&æöFR#¢%ã#ã’ãÇÂãÓ#"ã"ã ¢Ð¢ÒÀ¢&æöFUöÖöGVÆW2ô&öÆÆF÷vâö&–æF–ær×v–ã3"×ƒcBÖ×7f2#¢°¢'fW'6–öâ#¢#ã"ã2"À¢'&W6öÇfVB#¢&‡GG3¢ò÷&Vv—7G'’æçÖ§2æ÷&rô&öÆÆF÷vâö&–æF–ær×v–ã3"×ƒcBÖ×7f2òÒö&–æF–ær×v–ã3"×ƒcBÖ×7f2Óã"ã2çFw¢"À¢&–çFVw&—G’#¢'6†S"ÕT¶„f¥FUF6$·&#6•Sƒ&Óv¥f5T÷F´4ãTÔ'u•¥7wö5Ö–##7%E3FDƒuC#wu¥%tT“ƒ••ô¤ÖWCW–†sÓÒ"À¢&7R#¢°¢'ƒcB ¢ÒÀ¢&Æ–6Vç6R#¢$Ô•B"À¢&÷F–öæÂ#¢G'VRÀ¢&÷2#¢°¢'v–ã3" ¢ÒÀ¢&Væv–æW2#¢°¢&æöFR#¢%ã#ã’ãÇÂãÓ#"ã"ã ¢Ð¢ÒÀ¢&æöFUöÖöGVÆW2ô&öÆÆF÷vâ÷ÇVv–çWF–Ç2#¢°¢'fW'6–öâ#¢#ãã"À¢'&W6öÇfVB#¢&‡GG3¢ò÷&Vv—7G'’æçÖ§2æ÷&rô&öÆÆF÷vâ÷ÇVv–çWF–Ç2òÒ÷ÇVv–çWF–Ç2ÓããçFw¢"À¢&–çFVw&—G’#¢'6†S"Ó&£–$wCT¦ƒ††¢·eFw¥FÃs&£•'„„—VÖöóeDæd§4Ä#EWG7e%4F4$×‡£vâ³”5”#3w…g…•&s&¦–×wsÓÒ"À¢&Æ–6Vç6R#¢$Ô•B ¢ÒÀ¢&æöFUöÖöGVÆW2ôF–Çv–æF772öæöFR#¢°¢'fW'6–öâ#¢#Bã2ã2"À¢'&W6öÇfVB#¢&‡GG3¢ò÷&Vv—7G'’æçÖ§2æ÷&rôF–Çv–æF772öæöFRòÒöæöFRÓBã2ã2çFw¢"À¢&–çFVw&—G’#¢'6†S"ÒõC„”´W6c•eESgDÆ¦t3r·7c&ÔõE‡¤S&¤×swSEGCCG‚µ5§‡¦ƒ“Rôƒf4Ô¶ö¦•‡Usv”ÖDÄ¥”$#ó”s6vsÓÒ"À¢&FWb#¢G'VRÀ¢&Æ–6Vç6R#¢$Ô•B"À¢&FWVæFVæ6–W2#¢°¢$§&–FvWvVÆÂ÷&VÖ–ær#¢%ã"ã2ãR"À¢&Væ†æ6VB×&W6öÇfR#¢%ãRã#Bã"À¢&¦—F’#¢%ã"ãrã"À¢&Æ–v‡Fæ–æv772#¢#ã3"ã"À¢&Öv–2×7G&–ær#¢%ãã3ã#"À¢'6÷W&6RÖÖÖ§2#¢%ãã"ã"À¢'F–Çv–æF772#¢#Bã2ã2 ¢Ð¢ÒÀ¢&æöFUöÖöGVÆW2ôF–Çv–æF772öæöFRöæöFUöÖöGVÆW2öÆ–v‡Fæ–æv772#¢°¢'fW'6–öâ#¢#ã3"ã"À¢'&W6öÇfVB#¢&‡GG3¢ò÷&Vv—7G'’æçÖ§2æ÷&röÆ–v‡Fæ–æv772òÒöÆ–v‡Fæ–æv772Óã3"ãçFw¢"À¢&–çFVw&—G’#¢'6†S"Ôå…”'¦–äç&&Æg&w—&%ôC”3ƒ–Æd’ó×¦uu—e…UFSCDw¢õƒdC%„%¥5¤Ów%%G$Ô„¤Ã4÷Dv–g$”¶…W•ÓÒ"À¢&FWb#¢G'VRÀ¢&Æ–6Vç6R#¢$ÕÂÓ"ã"À¢&FWVæFVæ6–W2#¢°¢&FWFV7BÖÆ–&2#¢%ã"ãã2 ¢ÒÀ¢&Væv–æW2#¢°¢&æöFR#¢#ãÒ"ãã ¢ÒÀ¢&gVæF–ær#¢°¢'G—R#¢&÷Væ6öÆÆV7F—fR"À¢'W&Â#¢&‡GG3¢òö÷Væ6öÆÆV7F—fRæ6öÒ÷&6VÂ ¢ÒÀ¢&÷F–öæÄFWVæFVæ6–W2#¢°¢&Æ–v‡Fæ–æv772ÖæG&ö–BÖ&ÓcB#¢#ã3"ã"À¢&Æ–v‡Fæ–æv772ÖF'v–âÖ&ÓcB#¢#ã3"ã"À¢&Æ–v‡Fæ–æv772ÖF'v–â×ƒcB#¢#ã3"ã"À¢&Æ–v‡Fæ–æv772Ög&VV'6B×ƒcB#¢#ã3"ã"À¢&Æ–v‡Fæ–æv772ÖÆ–çW‚Ö&ÒÖvçVV&–†b#¢#ã3"ã"À¢&Æ–v‡Fæ–æv772ÖÆ–çW‚Ö&ÓcBÖvçR#¢#ã3"ã"À¢&Æ–v‡Fæ–æv772ÖÆ–çW‚Ö&ÓcBÖ×W6Â#¢#ã3"ã"À¢&Æ–v‡Fæ–æv772ÖÆ–çW‚×ƒcBÖvçR#¢#ã3"ã"À¢&Æ–v‡Fæ–æv772ÖÆ–çW‚×ƒcBÖ×W6Â#¢#ã3"ã"À¢&Æ–v‡Fæ–æv772×v–ã3"Ö&ÓcBÖ×7f2#¢#ã3"ã"À¢&Æ–v‡Fæ–æv772×v–ã3"×ƒcBÖ×7f2#¢#ã3"ã ¢Ð¢ÒÀ¢&æöFUöÖöGVÆW2ôF–Çv–æF772öæöFRöæöFUöÖöGVÆW2öÆ–v‡Fæ–æv772ÖæG&ö–BÖ&ÓcB#¢°¢'fW'6–öâ#¢#ã3"ã"À¢'&W6öÇfVB#¢&‡GG3¢ò÷&Vv—7G'’æçÖ§2æ÷&röÆ–v‡Fæ–æv772ÖæG&ö–BÖ&ÓcBòÒöÆ–v‡Fæ–æv772ÖæG&ö–BÖ&ÓcBÓã3"ãçFw¢"À¢&–çFVw&—G’#¢'6†S"Õ”³rô6ÅGCF´³fógs5‚µæÓC&6c'e†&„õ†FôçF“vÃED%¦‡v¤Gf¤çtÄT$6ä·f¤¦3&¥t…„ƒäWvÄsÓÒ"À¢&7R#¢°¢&&ÓcB ¢ÒÀ¢&FWb#¢G'VRÀ¢&Æ–6Vç6R#¢$ÕÂÓ"ã"À¢&÷F–öæÂ#¢G'VRÀ¢&÷2#¢°¢&æG&ö–B ¢ÒÀ¢&Væv–æW2#¢°¢&æöFR#¢#ãÒ"ãã ¢ÒÀ¢&gVæF–ær#¢°¢'G—R#¢&÷Væ6öÆÆV7F—fR"À¢'W&Â#¢&‡GG3¢òö÷Væ6öÆÆV7F—fRæ6öÒ÷&6VÂ ¢Ð¢ÒÀ¢&æöFUöÖöGVÆW2ôF–Çv–æF772öæöFRöæöFUöÖöGVÆW2öÆ–v‡Fæ–æv772ÖF'v–âÖ&ÓcB#¢°¢'fW'6–öâ#¢#ã3"ã"À¢'&W6öÇfVB#¢&‡GG3¢ò÷&Vv—7G'’æçÖ§2æ÷&röÆ–v‡Fæ–æv772ÖF'v–âÖ&ÓcBòÒöÆ–v‡Fæ–æv772ÖF'v–âÖ&ÓcBÓã3"ãçFw¢"À¢&–çFVw&—G’#¢'6†S"Õ'¦Ts”§SV&s$'cöÇvÅd§d$S7eGE‡6¶E¤ÄÄ7–fsWB´„Ç£”'Ä”4ótÅ¤Óud„åEFâóU&„„d%6¦³VÆ3F6×65ÓÒ"À¢&7R#¢°¢&&ÓcB ¢ÒÀ¢&FWb#¢G'VRÀ¢&Æ–6Vç6R#¢$ÕÂÓ"ã"À¢&÷F–öæÂ#¢G'VRÀ¢&÷2#¢°¢&F'v–â ¢ÒÀ¢&Væv–æW2#¢°¢&æöFR#¢#ãÒ"ãã ¢ÒÀ¢&gVæF–ær#¢°¢'G—R#¢&÷Væ6öÆÆV7F—fR"À¢'W&Â#¢&‡GG3¢òö÷Væ6öÆÆV7F—fRæ6öÒ÷&6VÂ ¢Ð¢ÒÀ¢&æöFUöÖöGVÆW2ôF–Çv–æF772öæöFRöæöFUöÖöGVÆW2öÆ–v‡Fæ–æv772ÖF'v–â×ƒcB#¢°¢'fW'6–öâ#¢#ã3"ã"À¢'&W6öÇfVB#¢&‡GG3¢ò÷&Vv—7G'’æçÖ§2æ÷&röÆ–v‡Fæ–æv772ÖF'v–â×ƒcBòÒöÆ–v‡Fæ–æv772ÖF'v–â×ƒcBÓã3"ãçFw¢"À¢&–çFVw&—G’#¢'6†S"ÕRµ4'&Ò÷3'wU•BógvæÆvE¦'E¦FæE6×WBôä§Ä64ÔÅEwV×T7$”B´³UT£f§C$$g6†V¤5•†æ•F$æƒs5c‡sÓÒ"À¢&7R#¢°¢'ƒcB ¢ÒÀ¢&FWb#¢G'VRÀ¢&Æ–6Vç6R#¢$ÕÂÓ"ã"À¢&÷F–öæÂ#¢G'VRÀ¢&÷2#¢°¢&F'v–â ¢ÒÀ¢&Væv–æW2#¢°¢&æöFR#¢#ãÒ"ãã ¢ÒÀ¢&gVæF–ær#¢°¢'G—R#¢&÷Væ6öÆÆV7F—fR"À¢'W&Â#¢&‡GG3¢òö÷Væ6öÆÆV7F—fRæ6öÒ÷&6VÂ ¢Ð¢ÒÀ¢&æöFUöÖöGVÆW2ôF–Çv–æF772öæöFRöæöFUöÖöGVÆW2öÆ–v‡Fæ–æv772Ög&VV'6B×ƒcB#¢°¢'fW'6–öâ#¢#ã3"ã"À¢'&W6öÇfVB#¢&‡GG3¢ò÷&Vv—7G'’æçÖ§2æ÷&röÆ–v‡Fæ–æv772Ög&VV'6B×ƒcBòÒöÆ–v‡Fæ–æv772Ög&VV'6B×ƒcBÓã3"ãçFw¢"À¢&–çFVw&—G’#¢'6†S"Ô¤5F–vVDV·5¦³7D…EGF†äÖEfdvccf·“„¦“$SE–¥UDUƒG†—’öÅG¥†çSgv•¦S6%–Sµ754‚ô5FTE„³et†–sÓÒ"À¢&7R#¢°¢'ƒcB ¢ÒÀ¢&FWb#¢G'VRÀ¢&Æ–6Vç6R#¢$ÕÂÓ"ã"À¢&÷F–öæÂ#¢G'VRÀ¢&÷2#¢°¢&g&VV'6B ¢ÒÀ¢&Væv–æW2#¢°¢&æöFR#¢#ãÒ"ãã ¢ÒÀ¢&gVæF–ær#¢°¢'G—R#¢&÷Væ6öÆÆV7F—fR"À¢'W&Â#¢&‡GG3¢òö÷Væ6öÆÆV7F—fRæ6öÒ÷&6VÂ ¢Ð¢ÒÀ¢&æöFUöÖöGVÆW2ôF–Çv–æF772öæöFRöæöFUöÖöGVÆW2öÆ–v‡Fæ–æv772ÖÆ–çW‚Ö&ÒÖvçVV&–†b#¢°¢'fW'6–öâ#¢#ã3"ã"À¢'&W6öÇfVB#¢&‡GG3¢ò÷&Vv—7G'’æçÖ§2æ÷&röÆ–v‡Fæ–æv772ÖÆ–çW‚Ö&ÒÖvçVV&–†bòÒöÆ–v‡Fæ–æv772ÖÆ–çW‚Ö&ÒÖvçVV&–†bÓã3"ãçFw¢"À¢&–çFVw&—G’#¢'6†S"×ƒg&æç&$tÃ¥ö·Cg'G35”E¦GTÇwgtcdTÖ…„ee¥„CGE$&´Tg¤v÷w¤74•w5§4²·G”äTôET%†VUd…6·sÓÒ"À¢&7R#¢°¢&&Ò ¢ÒÀ¢&FWb#¢G'VRÀ¢&Æ–6Vç6R#¢$ÕÂÓ"ã"À¢&÷F–öæÂ#¢G'VRÀ¢&÷2#¢°¢&Æ–çW‚ ¢ÒÀ¢&Væv–æW2#¢°¢&æöFR#¢#ãÒ"ãã ¢ÒÀ¢&gVæF–ær#¢°¢'G—R#¢&÷Væ6öÆÆV7F—fR"À¢'W&Â#¢&‡GG3¢òö÷Væ6öÆÆV7F—fRæ6öÒ÷&6VÂ ¢Ð¢ÒÀ¢&æöFUöÖöGVÆW2ôF–Çv–æF772öæöFRöæöFUöÖöGVÆW2öÆ–v‡Fæ–æv772ÖÆ–çW‚Ö&ÓcBÖvçR#¢°¢'fW'6–öâ#¢#ã3"ã"À¢'&W6öÇfVB#¢&‡GG3¢ò÷&Vv—7G'’æçÖ§2æ÷&röÆ–v‡Fæ–æv772ÖÆ–çW‚Ö&ÓcBÖvçRòÒöÆ–v‡Fæ–æv772ÖÆ–çW‚Ö&ÓcBÖvçRÓã3"ãçFw¢"À¢&–çFVw&—G’#¢'6†S"Óæä×–÷”ôÅ$¥†f$Ôö–Æ5&4Äƒ4§sW£”„DäveBöwt5vF¦çƒ“‡swd'¤dÄe#cd4ÔÄ´c†uf&V&ÖµTã6föµ§ÓÒ"À¢&7R#¢°¢&&ÓcB ¢ÒÀ¢&FWb#¢G'VRÀ¢&Æ–6Vç6R#¢$ÕÂÓ"ã"À¢&÷F–öæÂ#¢G'VRÀ¢&÷2#¢°¢&Æ–çW‚ ¢ÒÀ¢&Væv–æW2#¢°¢&æöFR#¢#ãÒ"ãã ¢ÒÀ¢&gVæF–ær#¢°¢'G—R#¢&÷Væ6öÆÆV7F—fR"À¢'W&Â#¢&‡GG3¢òö÷Væ6öÆÆV7F—fRæ6öÒ÷&6VÂ ¢Ð¢ÒÀ¢&æöFUöÖöGVÆW2ôF–Çv–æF772öæöFRöæöFUöÖöGVÆW2öÆ–v‡Fæ–æv772ÖÆ–çW‚Ö&ÓcBÖ×W6Â#¢°¢'fW'6–öâ#¢#ã3"ã"À¢'&W6öÇfVB#¢&‡GG3¢ò÷&Vv—7G'’æçÖ§2æ÷&röÆ–v‡Fæ–æv772ÖÆ–çW‚Ö&ÓcBÖ×W6ÂòÒöÆ–v‡Fæ–æv772ÖÆ–çW‚Ö&ÓcBÖ×W6ÂÓã3"ãçFw¢"À¢&–çFVw&—G’#¢'6†S"ÕW¶öVç#ET¤W¦ud•—“ƒÄDge&Õfsf÷&ôä†fôƒD5–dä´„÷%£tÖótµ¥&D3dÆ¦v…¦T'7e†„¦öB÷vä”&sÓÒ"À¢&7R#¢°¢&&ÓcB ¢ÒÀ¢&FWb#¢G'VRÀ¢&Æ–6Vç6R#¢$ÕÂÓ"ã"À¢&÷F–öæÂ#¢G'VRÀ¢&÷2#¢°¢&Æ–çW‚ ¢ÒÀ¢&Væv–æW2#¢°¢&æöFR#¢#ãÒ"ãã ¢ÒÀ¢&gVæF–ær#¢°¢'G—R#¢&÷Væ6öÆÆV7F—fR"À¢'W&Â#¢&‡GG3¢òö÷Væ6öÆÆV7F—fRæ6þ9Ûkh‘éì¶»§q«^tš[YÜš]HŽˆœÚMLL‹PPËÍÒ›Ù’–‘Üœ›™UÓ˜Q[’™SÓ^
Ò›ÝÝ˜LÖšT”VL]ÛY’ÚŠÍ“Ìœ^ŒŠÜÚÛÖ–›R“SœYZÙMÚÒØ“™ÔOOH‹ˆ™]“Ü[Û˜[ŽˆYKˆ›XÙ[œÙHŽˆ“RU‹ˆ˜š[ˆŽˆÂˆšš]HŽˆ›X‹Úš]KXÛK›ZœÈ‚ˆBˆKˆ››ÙWÛ[Ù[\ËÛYÚš[™ØÜÜÈŽˆÂˆ™\œÚ[ÛˆŽˆŒKŒÌËŒ‹ˆœ™\ÛÛ™YŽˆšÎ‹ËÜ™YÚ\ÝžK›œZœË›Ü™ËÛYÚš[™ØÜÜËËKÛYÚš[™ØÜÜËLKŒÌËŒÞˆ‹ˆš[YÜš]HŽˆœÚMLL‹UÚÕQ›ÚRœÌÙÑÙŒYÞLÞQÐ”žZÐÎZM˜PÖ“™ØÍÔN–™NUÜÙ”Ý‘\V˜QTÛ’[T““X›SÒRPOOH‹ˆ›XÙ[œÙHŽˆ“TL‹Œ‹ˆ™\[™[˜ÚY\ÈŽˆÂˆ™]XÝ[X˜ÈŽˆ—Œ‹ŒŒÈ‚ˆKˆ™[™Ú[™\ÈŽˆÂˆ››ÙHŽˆHL‹ŒŒ‚ˆKˆ™[™[™ÈŽˆÂˆ\HŽˆ›Ü[˜ÛÛXÝ]™H‹ˆ\›ŽˆšÎ‹ËÛÜ[˜ÛÛXÝ]™K˜ÛÛKÜ\˜Ù[‚ˆKˆ›Ü[Û˜[\[™[˜ÚY\ÈŽˆÂˆ›YÚš[™ØÜÜËX[™›ÚYX\›MŽˆŒKŒÌËŒ‹ˆ›YÚš[™ØÜÜËY\Ú[‹X\›MŽˆŒKŒÌËŒ‹ˆ›YÚš[™ØÜÜËY\Ú[‹^ŽˆŒKŒÌËŒ‹ˆ›YÚš[™ØÜÜËYœ™YXœÙ^ŽˆŒKŒÌËŒ‹ˆ›YÚš[™ØÜÜË[[^X\›KYÛYXXšZˆŽˆŒKŒÌËŒ‹ˆ›YÚš[™ØÜÜË[[^X\›MYÛHŽˆŒKŒÌËŒ‹ˆ›YÚš[™ØÜÜË[[^X\›M[]\ÛŽˆŒKŒÌËŒ‹ˆ›YÚš[™ØÜÜË[[^^YÛHŽˆŒKŒÌËŒ‹ˆ›YÚš[™ØÜÜË[[^^[]\ÛŽˆŒKŒÌËŒ‹ˆ›YÚš[™ØÜÜË]Ú[ŒÌ‹X\›M[\Ý˜ÈŽˆŒKŒÌËŒ‹ˆ›YÚš[™ØÜÜË]Ú[ŒÌ‹^[\Ý˜ÈŽˆŒKŒÌËŒ‚ˆBˆKˆ››ÙWÛ[Ù[\ËÛYÚš[™ØÜÜËX[™›ÚYX\›MŽˆÂˆ™\œÚ[ÛˆŽˆŒKŒÌËŒ‹ˆœ™\ÛÛ™YŽˆšÎ‹ËÜ™YÚ\ÝžK›œZœË›Ü™ËÛYÚš[™ØÜÜËX[™›ÚYX\›MËKÛYÚš[™ØÜÜËX[™›ÚYX\›MLKŒÌËŒÞˆ‹ˆš[YÜš]HŽˆœÚMLL‹YÑ\•[ÙÜÜ˜ŽUÝÌšSÙÑMTÙRRÌ]\X‘œLÐ^VZUYØ–ZRNN‘SNTÔ]”ÛÜTVŒRTQ“œÌÓ[\ÏOH‹ˆ˜ÜHŽˆÂˆ˜\›M‚ˆKˆ›XÙ[œÙHŽˆ“TL‹Œ‹ˆ›Ü[Û˜[ŽˆYKˆ›ÜÈŽˆÂˆ˜[™›ÚY‚ˆKˆ™[™Ú[™\ÈŽˆÂˆ››ÙHŽˆHL‹ŒŒ‚ˆKˆ™[™[™ÈŽˆÂˆ\HŽˆ›Ü[˜ÛÛXÝ]™H‹ˆ\›ŽˆšÎ‹ËÛÜ[˜ÛÛXÝ]™K˜ÛÛKÜ\˜Ù[‚ˆBˆKˆ››ÙWÛ[Ù[\ËÛYÚš[™ØÜÜËY\Ú[‹X\›MŽˆÂˆ™\œÚ[ÛˆŽˆŒKŒÌËŒ‹ˆœ™\ÛÛ™YŽˆšÎ‹ËÜ™YÚ\ÝžK›œZœË›Ü™ËÛYÚš[™ØÜÜËY\Ú[‹X\›MËKÛYÚš[™ØÜÜËY\Ú[‹X\›MLKŒÌËŒÞˆ‹ˆš[YÜš]HŽˆœÚMLL‹TØÚX^ŽY[“•ÛŽXŒÝÊÞŒ\V^ÔVMœÔLÛ\”SU’“VžÙšRÐU›]–‹Þ•[ÌÝÍŒ]UÑËÑ™ÏOH‹ˆ˜ÜHŽˆÂˆ˜\›M‚ˆKˆ›XÙ[œÙHŽˆ“TL‹Œ‹ˆ›Ü[Û˜[ŽˆYKˆ›ÜÈŽˆÂˆ™\Ú[ˆ‚ˆKˆ™[™Ú[™\ÈŽˆÂˆ››ÙHŽˆHL‹ŒŒ‚ˆKˆ™[™[™ÈŽˆÂˆ\HŽˆ›Ü[˜ÛÛXÝ]™H‹ˆ\›ŽˆšÎ‹ËÛÜ[˜ÛÛXÝ]™K˜ÛÛKÜ\˜Ù[‚ˆBˆKˆ››ÙWÛ[Ù[\ËÛYÚš[™ØÜÜËY\Ú[‹^ŽˆÂˆ™\œÚ[ÛˆŽˆŒKŒÌËŒ‹ˆœ™\ÛÛ™YŽˆšÎ‹ËÜ™YÚ\ÝžK›œZœË›Ü™ËÛYÚš[™ØÜÜËY\Ú[‹^ËKÛYÚš[™ØÜÜËY\Ú[‹^LKŒÌËŒÞˆ‹ˆš[YÜš]HŽˆœÚMLL‹VUT^œš›Ó“žQÞMšMXÒžž™ÒQÕÓ]œÊÙÕÜNYÜTšSœžP\“YÖšÑ]ÌN™’•ØÔžSPœŠÛNOOH‹ˆ˜ÜHŽˆÂˆž‚ˆKˆ›XÙ[œÙHŽˆ“TL‹Œ‹ˆ›Ü[Û˜[ŽˆYKˆ›ÜÈŽˆÂˆ™\Ú[ˆ‚ˆKˆ™[™Ú[™\ÈŽˆÂˆ››ÙHŽˆHL‹ŒŒ‚ˆKˆ™[™[™ÈŽˆÂˆ\HŽˆ›Ü[˜ÛÛXÝ]™H‹ˆ\›ŽˆšÎ‹ËÛÜ[˜ÛÛXÝ]™K˜ÛÛKÜ\˜Ù[‚ˆBˆKˆ››ÙWÛ[Ù[\ËÛYÚš[™ØÜÜËYœ™YXœÙ^ŽˆÂˆ™\œÚ[ÛˆŽˆŒKŒÌËŒ‹ˆœ™\ÛÛ™YŽˆšÎ‹ËÜ™YÚ\ÝžK›œZœË›Ü™ËÛYÚš[™ØÜÜËYœ™YXœÙ^ËKÛYÚš[™ØÜÜËYœ™YXœÙ^LKŒÌËŒÞˆ‹ˆš[YÜš]HŽˆœÚMLL‹TTSKÕKÚXZ’ÐÖJÔšUÝPÖŽ\ÙKÖZÍÛ‘Í]ÎÚÙÚ^^“ÛÝ‘ÊÔ•
ÔZ’Í‘˜Ñ•\Ý[Ð›’[ËÓÌÔÝ”™ÏOH‹ˆ˜ÜHŽˆÂˆž‚ˆKˆ›XÙ[œÙHŽˆ“TL‹Œ‹ˆ›Ü[Û˜[ŽˆYKˆ›ÜÈŽˆÂˆ™œ™YXœÙ‚ˆKˆ™[™Ú[™\ÈŽˆÂˆ››ÙHŽˆHL‹ŒŒ‚ˆKˆ™[™[™ÈŽˆÂˆ\HŽˆ›Ü[˜ÛÛXÝ]™H‹ˆ\›ŽˆšÎ‹ËÛÜ[˜ÛÛXÝ]™K˜ÛÛKÜ\˜Ù[‚ˆBˆKˆ››ÙWÛ[Ù[\ËÛYÚš[™ØÜÜË[[^X\›KYÛYXXšZˆŽˆÂˆ™\œÚ[ÛˆŽˆŒKŒÌËŒ‹ˆœ™\ÛÛ™YŽˆšÎ‹ËÜ™YÚ\ÝžK›œZœË›Ü™ËÛYÚš[™ØÜÜË[[^X\›KYÛYXXšZ‹ËKÛYÚš[™ØÜÜË[[^X\›KYÛYXXšZ‹LKŒÌËŒÞˆ‹ˆš[YÜš]HŽˆœÚMLL‹SÑ•™MšTÌ[M”‹Í•ÚZV‘ÜÍÝTNULÌ•]ÍSž”TMÞÔœSÒÞ”TšÌÜ–LZÒTžÕÞ“ÚURT“OOH‹ˆ˜ÜHŽˆÂˆ˜\›H‚ˆKˆ›XÙ[œÙHŽˆ“TL‹Œ‹ˆ›Ü[Û˜[ŽˆYKˆ›ÜÈŽˆÂˆ›[^‚ˆKˆ™[™Ú[™\ÈŽˆÂˆ››ÙHŽˆHL‹ŒŒ‚ˆKˆ™[™[™ÈŽˆÂˆ\HŽˆ›Ü[˜ÛÛXÝ]™H‹ˆ\›ŽˆšÎ‹ËÛÜ[˜ÛÛXÝ]™K˜ÛÛKÜ\˜Ù[‚ˆBˆKˆ››ÙWÛ[Ù[\ËÛYÚš[™ØÜÜË[[^X\›MYÛHŽˆÂˆ™\œÚ[ÛˆŽˆŒKŒÌËŒ‹ˆœ™\ÛÛ™YŽˆšÎ‹ËÜ™YÚ\ÝžK›œZœË›Ü™ËÛYÚš[™ØÜÜË[[^X\›MYÛKËKÛYÚš[™ØÜÜË[[^X\›MYÛKLKŒÌËŒÞˆ‹ˆš[YÜš]HŽˆœÚMLL‹ZŒ‹Ú]^MžÍ›ÒÖYÐœSšL™Ì“ÚÍÑÝYœYÜÌT
ÌœÝP•žZNRM–RM][Õ‘žQU[ŒÙPÑZžVÔ[’ÙÏOH‹ˆ˜ÜHŽˆÂˆ˜\›M‚ˆKˆ›XÙ[œÙHŽˆ“TL‹Œ‹ˆ›Ü[Û˜[ŽˆYKˆ›ÜÈŽˆÂˆ›[^‚ˆKˆ™[™Ú[™\ÈŽˆÂˆ››ÙHŽˆHL‹ŒŒ‚ˆKˆ™[™[™ÈŽˆÂˆ\HŽˆ›Ü[˜ÛÛXÝ]™H‹ˆ\›ŽˆšÎ‹ËÛÜ[˜ÛÛXÝ]™K˜ÛÛKÜ\˜Ù[‚ˆBˆKˆ››ÙWÛ[Ù[\ËÛYÚš[™ØÜÜË[[^X\›M[]\ÛŽˆÂˆ™\œÚ[ÛˆŽˆŒKŒÌËŒ‹ˆœ™\ÛÛ™YŽˆšÎ‹ËÜ™YÚ\ÝžK›œZœË›Ü™ËÛYÚš[™ØÜÜË[[^X\›M[]\ÛËKÛYÚš[™ØÜÜË[[^X\›M[]\ÛLKŒÌËŒÞˆ‹ˆš[YÜš]HŽˆœÚMLL‹^ZSÍT“Ó]VTYÖÍŒZ–•MPÖTÑ–‘ÒÖU[R›ŒJÞ•ÍM[ÐÝRNS™˜ÕšSQ‘ÙÕÛÐ”Û‹Ñ[SSQÙÌ“ÝOOH‹ˆ˜ÜHŽˆÂˆ˜\›M‚ˆKˆ›XÙ[œÙHŽˆ“TL‹Œ‹ˆ›Ü[Û˜[ŽˆYKˆ›ÜÈŽˆÂˆ›[^‚ˆKˆ™[™Ú[™\ÈŽˆÂˆ››ÙHŽˆHL‹ŒŒ‚ˆKˆ™[™[™ÈŽˆÂˆ\HŽˆ›Ü[˜ÛÛXÝ]™H‹ˆ\›ŽˆšÎ‹ËÛÜ[˜ÛÛXÝ]™K˜ÛÛKÜ\˜Ù[‚ˆBˆKˆ››ÙWÛ[Ù[\ËÛYÚš[™ØÜÜË[[^^YÛHŽˆÂˆ™\œÚ[ÛˆŽˆŒKŒÌËŒ‹ˆœ™\ÛÛ™YŽˆšÎ‹ËÜ™YÚ\ÝžK›œZœË›Ü™ËÛYÚš[™ØÜÜË[[^^YÛKËKÛYÚš[™ØÜÜË[[^^YÛKLKŒÌËŒÞˆ‹ˆš[YÜš]HŽˆœÚMLL‹X\ŠÒMÓXÓŒ›ÍœžXÓ‘ÎKÌÐKÐœRÕÌ›ŒšžSÑÌÓQV–QPQ[[Ó”ÊÐ‘™“YÒÝž[“Í]TXÝPYÏOH‹ˆ˜ÜHŽˆÂˆž‚ˆKˆ›XÙ[œÙHŽˆ“TL‹Œ‹ˆ›Ü[Û˜[ŽˆYKˆ›ÜÈŽˆÂˆ›[^‚ˆKˆ™[™Ú[™\ÈŽˆÂˆ››ÙHŽˆHL‹ŒŒ‚ˆKˆ™[™[™ÈŽˆÂˆ\HŽˆ›Ü[˜ÛÛXÝ]™H‹ˆ\›ŽˆšÎ‹ËÛÜ[˜ÛÛXÝ]™K˜ÛÛKÜ\˜Ù[‚ˆBˆKˆ››ÙWÛ[Ù[\ËÛYÚš[™ØÜÜË[[^^[]\ÛŽˆÂˆ™\œÚ[ÛˆŽˆŒKŒÌËŒ‹ˆœ™\ÛÛ™YŽˆšÎ‹ËÜ™YÚ\ÝžK›œZœË›Ü™ËÛYÚš[™ØÜÜË[[^^[]\ÛËKÛYÚš[™ØÜÜË[[^^[]\ÛLKŒÌËŒÞˆ‹ˆš[YÜš]HŽˆœÚMLL‹T–ZVXšÛÚÝÌ™’Ü\^™‘M[Ú[ÑT‘ÓÒ‘•Rž‘œÌSRÍšQ›‘[˜^ŒYœSUÌÓÚÝ”VÙU]ÌX]Ü[”ÏOH‹ˆ˜ÜHŽˆÂˆž‚ˆKˆ›XÙ[œÙHŽˆ“TL‹Œ‹ˆ›Ü[Û˜[ŽˆYKˆ›ÜÈŽˆÂˆ›[^‚ˆKˆ™[™Ú[™\ÈŽˆÂˆ››ÙHŽˆHL‹ŒŒ‚ˆKˆ™[™[™ÈŽˆÂˆ\HŽˆ›Ü[˜ÛÛXÝ]™H‹ˆ\›ŽˆšÎ‹ËÛÜ[˜ÛÛXÝ]™K˜ÛÛKÜ\˜Ù[‚ˆBˆKˆ››ÙWÛ[Ù[\ËÛYÚš[™ØÜÜË]Ú[ŒÌ‹X\›M[\Ý˜ÈŽˆÂˆ™\œÚ[ÛˆŽˆŒKŒÌËŒ‹ˆœ™\ÛÛ™YŽˆšÎ‹ËÜ™YÚ\ÝžK›œZœË›Ü™ËÛYÚš[™ØÜÜË]Ú[ŒÌ‹X\›M[\Ý˜ËËKÛYÚš[™ØÜÜË]Ú[ŒÌ‹X\›M[\Ý˜ËLKŒÌËŒÞˆ‹ˆš[YÜš]HŽˆœÚMLL‹LRÊÓT“Ñ•œœ™šÚÚÍÐœ•Øž”Ì•™ŒL“Ö™ÔŽQÛÕœÐUÞÓž]ZVVX•ŒÚŠÍœ›˜ÙZ–P^–ÐOOH‹ˆ˜ÜHŽˆÂˆ˜\›M‚ˆKˆ›XÙ[œÙHŽˆ“TL‹Œ‹ˆ›Ü[Û˜[ŽˆYKˆ›ÜÈŽˆÂˆÚ[ŒÌˆ‚ˆKˆ™[™Ú[™\ÈŽˆÂˆ››ÙHŽˆHL‹ŒŒ‚ˆKˆ™[™[™ÈŽˆÂˆ\HŽˆ›Ü[˜ÛÛXÝ]™H‹ˆ\›ŽˆšÎ‹ËÛÜ[˜ÛÛXÝ]™K˜ÛÛKÜ\˜Ù[‚ˆBˆKˆ››ÙWÛ[Ù[\ËÛYÚš[™ØÜÜË]Ú[ŒÌ‹^[\Ý˜ÈŽˆÂˆ™\œÚ[ÛˆŽˆŒKŒÌËŒ‹ˆœ™\ÛÛ™YŽˆšÎ‹ËÜ™YÚ\ÝžK›œZœË›Ü™ËÛYÚš[™ØÜÜË]Ú[ŒÌ‹^[\Ý˜ËËKÛYÚš[™ØÜÜË]Ú[ŒÌ‹^[\Ý˜ËLKŒÌËŒÞˆ‹ˆš[YÜš]HŽˆœÚMLL‹SÛRPÑÖœTÜœžN‘›Ý‘ÜYÌÑÛÐÜ]]–]Ò\R’ÑPÌJÛŽS™ÑšQœRÛS]ŒVšÜQœ‘RÒÔÞZÕ
ÙZPOOH‹ˆ˜ÜHŽˆÂˆž‚ˆKˆ›XÙ[œÙHŽˆ“TL‹Œ‹ˆ›Ü[Û˜[ŽˆYKˆ›ÜÈŽˆÂˆÚ[ŒÌˆ‚ˆKˆ™[™Ú[™\ÈŽˆÂˆ››ÙHŽˆHL‹ŒŒ‚ˆKˆ™[™[™ÈŽˆÂˆ\HŽˆ›Ü[˜ÛÛXÝ]™H‹ˆ\›ŽˆšÎ‹ËÛÜ[˜ÛÛXÝ]™K˜ÛÛKÜ\˜Ù[‚ˆBˆKˆ››ÙWÛ[Ù[\ËÛXÚYK\™XXÝŽˆÂˆ™\œÚ[ÛˆŽˆŒŽŒ‹ˆœ™\ÛÛ™YŽˆšÎ‹ËÜ™YÚ\ÝžK›œZœË›Ü™ËÛXÚYK\™XXÝËKÛXÚYK\™XXÝLŽŒÞˆ‹ˆš[YÜš]HŽˆœÚMLL‹MšÛÖTš“L“ŒÑÖ’Y”ÙZSÙÝ]ŒYÝÑZ–“ÚTÍœ›ÐšLÞÑVMÛYœÔ]ÕÚ\™Yœ›™ŒÛÕ\ÖZM‘OOH‹ˆ›XÙ[œÙHŽˆ’TÐÈ‹ˆœY\‘\[™[˜ÚY\ÈŽˆÂˆœ™XXÝŽˆ—ŒM‹KŒHŒMËŒŒŒNŒŒŒNKŒŒ\˜È‚ˆBˆKˆ››ÙWÛ[Ù[\ËÛXYÚXË\Ýš[™ÈŽˆÂˆ™\œÚ[ÛˆŽˆŒŒÌŒŒH‹ˆœ™\ÛÛ™YŽˆšÎ‹ËÜ™YÚ\ÝžK›œZœË›Ü™ËÛXYÚXË\Ýš[™ËËKÛXYÚXË\Ýš[™ËLŒÌŒŒKÞˆ‹ˆš[YÜš]HŽˆœÚMLL‹]™‘U^QVÑØÓÜJÕ^PÚžYTÙR‘ž^Z“œYÌ•Z‘\‹Û›SKØ\X–SRÌ‹ÌÛÚ[žPÔž^ÔOOH‹ˆ™]ˆŽˆYKˆ›XÙ[œÙHŽˆ“RU‹ˆ™\[™[˜ÚY\ÈŽˆÂˆœšYÙ]Ù[ÜÛÝ\˜Ù[X\XÛÙXÈŽˆ—ŒKKH‚ˆBˆKˆ››ÙWÛ[Ù[\ËÛ˜[›ÚYŽˆÂˆ™\œÚ[ÛˆŽˆŒËŒËŒŒ‹ˆœ™\ÛÛ™YŽˆšÎ‹ËÜ™YÚ\ÝžK›œZœË›Ü™ËÛ˜[›ÚYËKÛ˜[›ÚYLËŒËŒŒÞˆ‹ˆš[YÜš]HŽˆœÚMLL‹]RÙÌ‘ÌÑÓÒÔ[ŽXžVSÜ‘Ü\•™‘ÓÍRÔR‹ÎŒÜÚÎ•œ^ÕÑš^RšQV]YŠÑ•žV]QZ˜QV]T–R”OOH‹ˆ™[™[™ÈŽˆÂˆÂˆ\HŽˆ™Ú]Xˆ‹ˆ\›ŽˆšÎ‹ËÙÚ]X‹˜ÛÛKÜÜÛœÛÜœËØZH‚ˆBˆKˆ›XÙ[œÙHŽˆ“RU‹ˆ˜š[ˆŽˆÂˆ›˜[›ÚYŽˆ˜š[‹Û˜[›ÚY˜ÚœÈ‚ˆKˆ™[™Ú[™\ÈŽˆÂˆ››ÙHŽˆ—ŒLŒLˆŒLËÈŒMLMKŒŒH‚ˆBˆKˆ››ÙWÛ[Ù[\ËÜXÛØÛÛÜœÈŽˆÂˆ™\œÚ[ÛˆŽˆŒKŒKŒH‹ˆœ™\ÛÛ™YŽˆšÎ‹ËÜ™YÚ\ÝžK›œZœË›Ü™ËÜXÛØÛÛÜœËËKÜXÛØÛÛÜœËLKŒKŒKÞˆ‹ˆš[YÜš]HŽˆœÚMLL‹^ÙRœÛšSN[\QÛQ]ÍM›LÍÍ›UšÑVÚ‘X‹Ôž‘žYYÓ[ÙSœÛÖQ‘‹ÓÝLÑ^SXÙT›R‘UOOH‹ˆ›XÙ[œÙHŽˆ’TÐÈ‚ˆKˆ››ÙWÛ[Ù[\ËÜÜÝÜÜÈŽˆÂˆ™\œÚ[ÛˆŽˆŽKŒŽH‹ˆœ™\ÛÛ™YŽˆšÎ‹ËÜ™YÚ\ÝžK›œZœË›Ü™ËÜÜÝÜÜËËKÜÜÝÜÜËNKŒŽKÞˆ‹ˆš[YÜš]HŽˆœÚMLL‹MXÑÚX–ŽY[ŒU^LXÑžžØÝÎUZ™ÍÝUØØ’’\›‘‹ÙRMÙËÎYÞ–[”PVš˜MÞTØ]›ÕÍÚÙÜžOOH‹ˆ™[™[™ÈŽˆÂˆÂˆ\HŽˆ›Ü[˜ÛÛXÝ]™H‹ˆ\›ŽˆšÎ‹ËÛÜ[˜ÛÛXÝ]™K˜ÛÛKÜÜÝÜÜËÈ‚ˆKˆÂˆ\HŽˆY[Y‹ˆ\›ŽˆšÎ‹ËÝY[Y˜ÛÛKÙ[™[™ËÙÚ]X‹ÛœKÜÜÝÜÜÈ‚ˆKˆÂˆ\HŽˆ™Ú]Xˆ‹ˆ\›ŽˆšÎ‹ËÙÚ]X‹˜ÛÛKÜÜÛœÛÜœËØZH‚ˆBˆKˆ›XÙ[œÙHŽˆ“RU‹ˆ™\[™[˜ÚY\ÈŽˆÂˆ›˜[›ÚYŽˆ—ŒËŒËŒNH‹ˆœXÛØÛÛÜœÈŽˆ—ŒKŒKŒH‹ˆœÛÝ\˜ÙK[X\ZœÈŽˆ—ŒKŒ‹Œˆ‚ˆKˆ™[™Ú[™\ÈŽˆÂˆ››ÙHŽˆ—ŒLŒLˆLM‚ˆBˆKˆ››ÙWÛ[Ù[\ËÜ™XXÝŽˆÂˆ™\œÚ[ÛˆŽˆŒNKŒËŒ‹ˆœ™\ÛÛ™YŽˆšÎ‹ËÜ™YÚ\ÝžK›œZœË›Ü™ËÜ™XXÝËKÜ™XXÝLNKŒËŒÞˆ‹ˆš[YÜš]HŽˆœÚMLL‹QNXØ•ÝŒ˜›–[Òž‘™•“ÒÝÖ›ŽXÑÒ‹Û[Ð\ÜP˜ÚÝÖ›Õ–Ì–’SRšTÚÐÔŒUTÛÙÏOH‹ˆ›XÙ[œÙHŽˆ“RU‹ˆ™[™Ú[™\ÈŽˆÂˆ››ÙHŽˆLŒLŒ‚ˆBˆKˆ››ÙWÛ[Ù[\ËÜ™XXÝYÛHŽˆÂˆ™\œÚ[ÛˆŽˆŒNKŒËŒ‹ˆœ™\ÛÛ™YŽˆšÎ‹ËÜ™YÚ\ÝžK›œZœË›Ü™ËÜ™XXÝYÛKËKÜ™XXÝYÛKLNKŒËŒÞˆ‹ˆš[YÜš]HŽˆœÚMLL‹R‘ÎÚYLSÚ‘›ÑMÌ
ÓÕRPÞV\ŠÍŽRZZÜJÓœÙ˜›˜LÝ\ÒZPØNV’šÝTMÌX‹Ü›ŒšPTŒVV\\ŒOOH‹ˆ›XÙ[œÙHŽˆ“RU‹ˆ™\[™[˜ÚY\ÈŽˆÂˆœØÚY[\ˆŽˆ—ŒŒŽŒ‚ˆKˆœY\‘\[™[˜ÚY\ÈŽˆÂˆœ™XXÝŽˆ—ŒNKŒËŒ‚ˆBˆKˆ››ÙWÛ[Ù[\ËÜ›ÛÝÛˆŽˆÂˆ™\œÚ[ÛˆŽˆŒKŒ‹ŒLÈ‹ˆœ™\ÛÛ™YŽˆšÎ‹ËÜ™YÚ\ÝžK›œZœË›Ü™ËÜ›ÛÝÛ‹ËKÜ›ÛÝÛ‹LKŒ‹ŒLËÞˆ‹ˆš[YÜš]HŽˆœÚMLL‹KÍX\ÚÝÕÞPØÔ]UÛ\ÒÔÍÖ•T–ŒÔœR\T–NUQÎSNL›ŒŽ[KÒ”’ÐMRU[ÒŒLÙÚKÚÑÐÝšYTOOH‹ˆ›XÙ[œÙHŽˆ“RU‹ˆ™\[™[˜ÚY\ÈŽˆÂˆÞË\›Ú™XÝÝ\\ÈŽˆLŒMLËŒ‹ˆ›ÛÝÛ‹ÜYÚ[][ÈŽˆ—ŒKŒŒ‚ˆKˆ˜š[ˆŽˆÂˆœ›ÛÝÛˆŽˆ˜š[‹ØÛK›ZœÈ‚ˆKˆ™[™Ú[™\ÈŽˆÂˆ››ÙHŽˆ—ŒŒŒNKŒLŒ‹ŒL‹Œ‚ˆKˆ›Ü[Û˜[\[™[˜ÚY\ÈŽˆÂˆ›ÛÝÛ‹Øš[™[™ËX[™›ÚYX\›KYXXšHŽˆŒKŒ‹ŒLÈ‹ˆ›ÛÝÛ‹Øš[™[™ËX[™›ÚYX\›MŽˆŒKŒ‹ŒLÈ‹ˆ›ÛÝÛ‹Øš[™[™ËY\Ú[‹X\›MŽˆŒKŒ‹ŒLÈ‹ˆ›ÛÝÛ‹Øš[™[™ËY\Ú[‹^ŽˆŒKŒ‹ŒLÈ‹ˆ›ÛÝÛ‹Øš[™[™ËYœ™YXœÙ^ŽˆŒKŒ‹ŒLÈ‹ˆ›ÛÝÛ‹Øš[™[™Ë[[^X\›KYÛYXXšZˆŽˆŒKŒ‹ŒLÈ‹ˆ›ÛÝÛ‹Øš[™[™Ë[[^X\›MYÛHŽˆŒKŒ‹ŒLÈ‹ˆ›ÛÝÛ‹Øš[™[™Ë[[^X\›M[]\ÛŽˆŒKŒ‹ŒLÈ‹ˆ›ÛÝÛ‹Øš[™[™Ë[[^\ÍYÛHŽˆŒKŒ‹ŒLÈ‹ˆ›ÛÝÛ‹Øš[™[™Ë[[^\ÌÎLYÛHŽˆŒKŒ‹ŒLÈ‹ˆ›ÛÝÛ‹Øš[™[™Ë[[^^YÛHŽˆŒKŒ‹ŒLÈ‹ˆ›ÛÝÛ‹Øš[™[™Ë[[^^[]\ÛŽˆŒKŒ‹ŒLÈ‹ˆ›ÛÝÛ‹Øš[™[™Ë[Ü[š\›[ÛžKX\›MŽˆŒKŒ‹ŒLÈ‹ˆ›ÛÝÛ‹Øš[™[™Ë]Ú[ŒÌ‹X\›M[\Ý˜ÈŽˆŒKŒ‹ŒLÈ‹ˆ›ÛÝÛ‹Øš[™[™Ë]Ú[ŒÌ‹^[\Ý˜ÈŽˆŒKŒ‹ŒLÈ‚ˆBˆKˆ››ÙWÛ[Ù[\ËÜØÚY[\ˆŽˆÂˆ™\œÚ[ÛˆŽˆŒŒŽŒ‹ˆœ™\ÛÛ™YŽˆšÎ‹ËÜ™YÚ\ÝžK›œZœË›Ü™ËÜØÚY[\‹ËKÜØÚY[\‹LŒŽŒÞˆ‹ˆš[YÜš]HŽˆœÚMLL‹Z[Ü™ÛRZÒ]Î
ÜP–ÛM”š”Q‹ÞXÑV[RÞ^•TÒ]Ô˜V’Z
Ô[”NV]LžŒRÒ‘QLJÞÐ›RœØÞ]ÏOH‹ˆ›XÙ[œÙHŽˆ“RU‚ˆKˆ››ÙWÛ[Ù[\ËÜÛÝ\˜ÙK[X\ZœÈŽˆÂˆ™\œÚ[ÛˆŽˆŒKŒ‹Œˆ‹ˆœ™\ÛÛ™YŽˆšÎ‹ËÜ™YÚ\ÝžK›œZœË›Ü™ËÜÛÝ\˜ÙK[X\ZœËËKÜÛÝ\˜ÙK[X\ZœËLKŒ‹Œ‹Þˆ‹ˆš[YÜš]HŽˆœÚMLL‹RÑÚ‹ÎMÞÍXV•‘
ÒRÌZÓÒSVY”ÚÓÑ“”Z“‘ÌÛÕÌTTÞ]ÛÌ\ÕÓKÕQQÞ“Ó‹ÓžR]ÑY“–”ÕÏOH‹ˆ›XÙ[œÙHŽˆ”ÑLËPÛ]\ÙH‹ˆ™[™Ú[™\ÈŽˆÂˆ››ÙHŽˆLŒLŒ‚ˆBˆKˆ››ÙWÛ[Ù[\ËÝZ[Ú[™ÜÜÈŽˆÂˆ™\œÚ[ÛˆŽˆŒËŒÈ‹ˆœ™\ÛÛ™YŽˆšÎ‹ËÜ™YÚ\ÝžK›œZœË›Ü™ËÝZ[Ú[™ÜÜËËKÝZ[Ú[™ÜÜËMŒËŒËÞˆ‹ˆš[YÜš]HŽˆœÚMLL‹YÓÚŒÔÝY‘MŒ”QÙÌ^•˜UÐÔŠÑ]ŽLšÌ›’Z˜Õ’ØÓ^\ÕPœÔQÚ–šŒMÍZŠÓ\T“ÚXÊÜÐÖZ™š^ÖTOOH‹ˆ™]ˆŽˆYKˆ›XÙ[œÙHŽˆ“RU‚ˆKˆ››ÙWÛ[Ù[\ËÝ\X›HŽˆÂˆ™\œÚ[ÛˆŽˆŒ‹ŒËŒÈ‹ˆœ™\ÛÛ™YŽˆšÎ‹ËÜ™YÚ\ÝžK›œZœË›Ü™ËÝ\X›KËKÝ\X›KL‹ŒËŒËÞˆ‹ˆš[YÜš]HŽˆœÚMLL‹]^ËÞœQ™ÍžÐÎ“ÑMÛ“™NQS^›U›KÔU”š^ÙÙØTJÒŒPÕZYQÜY›L’Õ\ŠÒÚX\Ð“XØÍOOH‹ˆ™]ˆŽˆYKˆ›XÙ[œÙHŽˆ“RU‹ˆ™[™Ú[™\ÈŽˆÂˆ››ÙHŽˆMˆ‚ˆKˆ™[™[™ÈŽˆÂˆ\HŽˆ›Ü[˜ÛÛXÝ]™H‹ˆ\›ŽˆšÎ‹ËÛÜ[˜ÛÛXÝ]™K˜ÛÛKÝÙXœXÚÈ‚ˆBˆKˆ››ÙWÛ[Ù[\ËÝ[žYÛØ˜žHŽˆÂˆ™\œÚ[ÛˆŽˆŒŒ‹ŒMÈ‹ˆœ™\ÛÛ™YŽˆšÎ‹ËÜ™YÚ\ÝžK›œZœË›Ü™ËÝ[žYÛØ˜žKËKÝ[žYÛØ˜žKLŒ‹ŒMËÞˆ‹ˆš[YÜš]HŽˆœÚMLL‹]Ö‹Ù\ÜRÛY•ÜYššRÒ“ÝÐÓ‘›™[œ•ËØÖZ•‘ÝZÐ™•™ØÓ’Óœ›ÛZ“ÕšXÎ^^SMX[ÙÑ”^UL™ÏOH‹ˆ›XÙ[œÙHŽˆ“RU‹ˆ™\[™[˜ÚY\ÈŽˆÂˆ™™\ˆŽˆ—‹KŒ‹ˆœXÛÛX]ÚŽˆ—Œ‚ˆKˆ™[™Ú[™\ÈŽˆÂˆ››ÙHŽˆLL‹ŒŒ‚ˆKˆ™[™[™ÈŽˆÂˆ\›ŽˆšÎ‹ËÙÚ]X‹˜ÛÛKÜÜÛœÛÜœËÔÝ\\˜Ú\Q]ˆ‚ˆBˆKˆ››ÙWÛ[Ù[\ËÝ[žYÛØ˜žKÛ›ÙWÛ[Ù[\ËÙ™\ˆŽˆÂˆ™\œÚ[ÛˆŽˆ‹KŒ‹ˆœ™\ÛÛ™YŽˆšÎ‹ËÜ™YÚ\ÝžK›œZœË›Ü™ËÙ™\‹ËKÙ™\‹M‹KŒÞˆ‹ˆš[YÜš]HŽˆœÚMLL‹]X–]˜XÓÜÌ”‘ÜTšÜÚ•VY
ÔÑÙ“NÚžJÑTœÕÐUZ“Q’‘JÌšØ[žRÚ•ÓÛÜ’ÖPš]Ð[SLÓ[–ÏOH‹ˆ›XÙ[œÙHŽˆ“RU‹ˆ™[™Ú[™\ÈŽˆÂˆ››ÙHŽˆLL‹ŒŒ‚ˆKˆœY\‘\[™[˜ÚY\ÈŽˆÂˆœXÛÛX]ÚŽˆ—ŒÈ‚ˆKˆœY\‘\[™[˜ÚY\ÓY]HŽˆÂˆœXÛÛX]ÚŽˆÂˆ›Ü[Û˜[ŽˆYBˆBˆBˆKˆ››ÙWÛ[Ù[\ËÝ[žYÛØ˜žKÛ›ÙWÛ[Ù[\ËÜXÛÛX]ÚŽˆÂˆ™\œÚ[ÛˆŽˆŒÈ‹ˆœ™\ÛÛ™YŽˆšÎ‹ËÜ™YÚ\ÝžK›œZœË›Ü™ËÜXÛÛX]ÚËKÜXÛÛX]ÚMŒËÞˆ‹ˆš[YÜš]HŽˆœÚMLL‹\XÒNL’UÜRœÑLŽR’ÓYÑÛKÙ’[•Í”[”ÚRRZž‘ÓÜØÑLÞ\’ÙUSÕ\ÔNÕ›S’ŒšÒMÞZÑÐOOH‹ˆ›XÙ[œÙHŽˆ“RU‹ˆ™[™Ú[™\ÈŽˆÂˆ››ÙHŽˆLLˆ‚ˆKˆ™[™[™ÈŽˆÂˆ\›ŽˆšÎ‹ËÙÚ]X‹˜ÛÛKÜÜÛœÛÜœËÚ›ÛœØÚ[šÙ\‚ˆBˆKˆ››ÙWÛ[Ù[\ËÝš]HŽˆÂˆ™\œÚ[ÛˆŽˆŽŒËŒÈ‹ˆœ™\ÛÛ™YŽˆšÎ‹ËÜ™YÚ\ÝžK›œZœË›Ü™ËÝš]KËKÝš]KNŒËŒËÞˆ‹ˆš[YÜš]HŽˆœÚMLL‹XÕ[Ô[Z™Í˜ÊÙÚÍLNTÔŒÑÐÐž–ÜÓŽ“QQXØœ\ÊÍ‹ÝÝ™œUYÌžLÜVVMÜÚŽÙÑÜ–‹ÌZ”TÙÏOH‹ˆ›XÙ[œÙHŽˆ“RU‹ˆ™\[™[˜ÚY\ÈŽˆÂˆ›YÚš[™ØÜÜÈŽˆ—ŒKŒÌËŒ‹ˆœXÛÛX]ÚŽˆ—ŒÈ‹ˆœÜÝÜÜÈŽˆ—ŽKŒŽ‹ˆœ›ÛÝÛˆŽˆŸŒKŒ‹ŒLH‹ˆ[žYÛØ˜žHŽˆ—ŒŒ‹ŒMÈ‚ˆKˆ˜š[ˆŽˆÂˆš]HŽˆ˜š[‹Ýš]KšœÈ‚ˆKˆ™[™Ú[™\ÈŽˆÂˆ››ÙHŽˆ—ŒŒŒNKŒLŒ‹ŒL‹Œ‚ˆKˆ™[™[™ÈŽˆÂˆ\›ŽˆšÎ‹ËÙÚ]X‹˜ÛÛKÝš]ZœËÝš]OÜÜÛœÛÜLH‚ˆKˆ›Ü[Û˜[\[™[˜ÚY\ÈŽˆÂˆ™œÙ]™[ÈŽˆŸŒ‹ŒËŒÈ‚ˆKˆœY\‘\[™[˜ÚY\ÈŽˆÂˆ\\ËÛ›ÙHŽˆ—ŒŒŒNKŒLŒ‹ŒL‹Œ‹ˆš]ZœËÙ]ÛÛÈŽˆ—ŒËŒH‹ˆ™\ØZ[Žˆ—ŒŒËŒŒŒŽŒ‹ˆšš]HŽˆLKŒŒKŒ‹ˆ›\ÜÈŽˆ—ŒŒ‹ˆœØ\ÜÈŽˆ—ŒKÌŒ‹ˆœØ\ÜËY[X™YYŽˆ—ŒKÌŒ‹ˆœÝ[\ÈŽˆLMŽ‹ˆœÝYØ\œÜÈŽˆ—KŒŒ‹ˆ\œÙ\ˆŽˆ—KŒM‹Œ‹ˆÞŽˆ—ŽŒH‹ˆžX[[Žˆ—Œ‹Œˆ‚ˆKˆœY\‘\[™[˜ÚY\ÓY]HŽˆÂˆ\\ËÛ›ÙHŽˆÂˆ›Ü[Û˜[ŽˆYBˆKˆš]ZœËÙ]ÛÛÈŽˆÂˆ›Ü[Û˜[ŽˆYBˆKˆ™\ØZ[ŽˆÂˆ›Ü[Û˜[ŽˆYBˆKˆšš]HŽˆÂˆ›Ü[Û˜[ŽˆYBˆKˆ›\ÜÈŽˆÂˆ›Ü[Û˜[ŽˆYBˆKˆœØ\ÜÈŽˆÂˆ›Ü[Û˜[ŽˆYBˆKˆœØ\ÜËY[X™YYŽˆÂˆ›Ü[Û˜[ŽˆYBˆKˆœÝ[\ÈŽˆÂˆ›Ü[Û˜[ŽˆYBˆKˆœÝYØ\œÜÈŽˆÂˆ›Ü[Û˜[ŽˆYBˆKˆ\œÙ\ˆŽˆÂˆ›Ü[Û˜[ŽˆYBˆKˆÞŽˆÂˆ›Ü[Û˜[ŽˆYBˆKˆžX[[ŽˆÂˆ›Ü[Û˜[ŽˆYBˆBˆBˆKˆ››ÙWÛ[Ù[\ËÝš]KÛ›ÙWÛ[Ù[\ËÜXÛÛX]ÚŽˆÂˆ™\œÚ[ÛˆŽˆŒÈ‹ˆœ™\ÛÛ™YŽˆšÎ‹ËÜ™YÚ\ÝžK›œZœË›Ü™ËÜXÛÛX]ÚËKÜXÛÛX]ÚMŒËÞˆ‹ˆš[YÜš]HŽˆœÚMLL‹\XÒNL’UÜRœÑLŽR’ÓYÑÛKÙ’[•Í”[”ÚRRZž‘ÓÜØÑLÞ\’ÙUSÕ\ÔNÕ›S’ŒšÒMÞZÑÐOOH‹ˆ›XÙ[œÙHŽˆ“RU‹ˆ™[™Ú[™\ÈŽˆÂˆ››ÙHŽˆLLˆ‚ˆKˆ™[™[™ÈŽˆÂˆ\›ŽˆšÎ‹ËÙÚ]X‹˜ÛÛKÜÜÛœÛÜœËÚ›ÛœØÚ[šÙ\‚ˆBˆBˆBŸB